
Microsoft Visual Studio Solution File, Format Version 12.00
# Visual Studio Version 17
VisualStudioVersion = 17.10.34818.151
MinimumVisualStudioVersion = 10.0.40219.1
Project("{FAE04EC0-301F-11D3-BF4B-00C04F79EFBC}") = "MVCProject", "MVCProject\MVCProject.csproj", "{D22C4D0A-016E-4CA4-8937-739DDA028B0A}"
EndProject
Global
	GlobalSection(SolutionConfigurationPlatforms) = preSolution
		Debug|Any CPU = Debug|Any CPU
		Release|Any CPU = Release|Any CPU
	EndGlobalSection
	GlobalSection(ProjectConfigurationPlatforms) = postSolution
		{D22C4D0A-016E-4CA4-8937-739DDA028B0A}.Debug|Any CPU.ActiveCfg = Debug|Any CPU
		{D22C4D0A-016E-4CA4-8937-739DDA028B0A}.Debug|Any CPU.Build.0 = Debug|Any CPU
		{D22C4D0A-016E-4CA4-8937-739DDA028B0A}.Release|Any CPU.ActiveCfg = Release|Any CPU
		{D22C4D0A-016E-4CA4-8937-739DDA028B0A}.Release|Any CPU.Build.0 = Release|Any CPU
	EndGlobalSection
	GlobalSection(SolutionProperties) = preSolution
		HideSolutionNode = FALSE
	EndGlobalSection
	GlobalSection(ExtensibilityGlobals) = postSolution
		SolutionGuid = {6DE1F535-7AE0-41B4-B477-831C3EBB31A5}
	EndGlobalSection
EndGlobal
